
Microsoft Visual Studio Solution File, Format Version 12.00
# Visual Studio Version 17
VisualStudioVersion = 17.0.31912.275
MinimumVisualStudioVersion = 10.0.40219.1
Project("{9A19103F-16F7-4668-BE54-9A1E7A4F7556}") = "Day1", "Day1\Day1.csproj", "{6C46D9E2-841E-402D-B014-416ECA1E7D43}"
EndProject
Project("{9A19103F-16F7-4668-BE54-9A1E7A4F7556}") = "Day3", "Day3\Day3.csproj", "{2A7960DF-45F8-4E44-8E78-9A6746855EA6}"
EndProject
Project("{9A19103F-16F7-4668-BE54-9A1E7A4F7556}") = "Day4", "Day4\Day4.csproj", "{7F6F4224-A6CA-447F-965E-D573D3090A46}"
EndProject
Project("{9A19103F-16F7-4668-BE54-9A1E7A4F7556}") = "Day5", "Day5\Day5.csproj", "{BE1BB1AA-C364-46C7-94B5-3ED9D8F9A89C}"
EndProject
Project("{9A19103F-16F7-4668-BE54-9A1E7A4F7556}") = "Day6", "Day6\Day6.csproj", "{A19BE79B-7D94-4FB3-B76B-F023C20A8185}"
EndProject
Project("{9A19103F-16F7-4668-BE54-9A1E7A4F7556}") = "Day7", "Day7\Day7.csproj", "{E46A7043-B1EC-4D76-91D0-4A71D9E48284}"
EndProject
Project("{9A19103F-16F7-4668-BE54-9A1E7A4F7556}") = "Day8", "Day8\Day8.csproj", "{522B2CDC-740F-46D6-8156-F5B8C9E32628}"
EndProject
Project("{9A19103F-16F7-4668-BE54-9A1E7A4F7556}") = "Day9", "Day9\Day9.csproj", "{5CD87321-1225-4CBA-98A2-FFA16F71437D}"
EndProject
Project("{9A19103F-16F7-4668-BE54-9A1E7A4F7556}") = "Day10", "Day10\Day10.csproj", "{19EE6F44-0ACB-4D5A-AC02-BB3CCD479EC1}"
EndProject
Project("{9A19103F-16F7-4668-BE54-9A1E7A4F7556}") = "Day11", "Day11\Day11.csproj", "{83F58D7B-6855-46F2-9F01-4FDA3664B46F}"
EndProject
Project("{9A19103F-16F7-4668-BE54-9A1E7A4F7556}") = "Day12", "Day12\Day12.csproj", "{A16177BF-1E7A-4C51-9C58-0F240FE80D86}"
EndProject
Project("{9A19103F-16F7-4668-BE54-9A1E7A4F7556}") = "Day13", "Day13\Day13.csproj", "{A27A12D3-94EC-4048-8DBC-58EB2D55B1F7}"
EndProject
Project("{9A19103F-16F7-4668-BE54-9A1E7A4F7556}") = "Day14", "Day14\Day14.csproj", "{D8146EA5-B000-4F4D-944E-4870B3728B74}"
EndProject
Project("{9A19103F-16F7-4668-BE54-9A1E7A4F7556}") = "Day15", "Day15\Day15.csproj", "{C4D95EBB-24CF-4CE5-A5BF-A01B0A4BE80B}"
EndProject
Project("{FAE04EC0-301F-11D3-BF4B-00C04F79EFBC}") = "Day16", "Day16\Day16.csproj", "{A8850372-EC05-4F48-936A-F34C48407958}"
EndProject
Global
	GlobalSection(SolutionConfigurationPlatforms) = preSolution
		Debug|Any CPU = Debug|Any CPU
		Release|Any CPU = Release|Any CPU
	EndGlobalSection
	GlobalSection(ProjectConfigurationPlatforms) = postSolution
		{6C46D9E2-841E-402D-B014-416ECA1E7D43}.Debug|Any CPU.ActiveCfg = Debug|Any CPU
		{6C46D9E2-841E-402D-B014-416ECA1E7D43}.Debug|Any CPU.Build.0 = Debug|Any CPU
		{6C46D9E2-841E-402D-B014-416ECA1E7D43}.Release|Any CPU.ActiveCfg = Release|Any CPU
		{6C46D9E2-841E-402D-B014-416ECA1E7D43}.Release|Any CPU.Build.0 = Release|Any CPU
		{2A7960DF-45F8-4E44-8E78-9A6746855EA6}.Debug|Any CPU.ActiveCfg = Debug|Any CPU
		{2A7960DF-45F8-4E44-8E78-9A6746855EA6}.Debug|Any CPU.Build.0 = Debug|Any CPU
		{2A7960DF-45F8-4E44-8E78-9A6746855EA6}.Release|Any CPU.ActiveCfg = Release|Any CPU
		{2A7960DF-45F8-4E44-8E78-9A6746855EA6}.Release|Any CPU.Build.0 = Release|Any CPU
		{7F6F4224-A6CA-447F-965E-D573D3090A46}.Debug|Any CPU.ActiveCfg = Debug|Any CPU
		{7F6F4224-A6CA-447F-965E-D573D3090A46}.Debug|Any CPU.Build.0 = Debug|Any CPU
		{7F6F4224-A6CA-447F-965E-D573D3090A46}.Release|Any CPU.ActiveCfg = Release|Any CPU
		{7F6F4224-A6CA-447F-965E-D573D3090A46}.Release|Any CPU.Build.0 = Release|Any CPU
		{BE1BB1AA-C364-46C7-94B5-3ED9D8F9A89C}.Debug|Any CPU.ActiveCfg = Debug|Any CPU
		{BE1BB1AA-C364-46C7-94B5-3ED9D8F9A89C}.Debug|Any CPU.Build.0 = Debug|Any CPU
		{BE1BB1AA-C364-46C7-94B5-3ED9D8F9A89C}.Release|Any CPU.ActiveCfg = Release|Any CPU
		{BE1BB1AA-C364-46C7-94B5-3ED9D8F9A89C}.Release|Any CPU.Build.0 = Release|Any CPU
		{A19BE79B-7D94-4FB3-B76B-F023C20A8185}.Debug|Any CPU.ActiveCfg = Debug|Any CPU
		{A19BE79B-7D94-4FB3-B76B-F023C20A8185}.Debug|Any CPU.Build.0 = Debug|Any CPU
		{A19BE79B-7D94-4FB3-B76B-F023C20A8185}.Release|Any CPU.ActiveCfg = Release|Any CPU
		{A19BE79B-7D94-4FB3-B76B-F023C20A8185}.Release|Any CPU.Build.0 = Release|Any CPU
		{E46A7043-B1EC-4D76-91D0-4A71D9E48284}.Debug|Any CPU.ActiveCfg = Debug|Any CPU
		{E46A7043-B1EC-4D76-91D0-4A71D9E48284}.Debug|Any CPU.Build.0 = Debug|Any CPU
		{E46A7043-B1EC-4D76-91D0-4A71D9E48284}.Release|Any CPU.ActiveCfg = Release|Any CPU
		{E46A7043-B1EC-4D76-91D0-4A71D9E48284}.Release|Any CPU.Build.0 = Release|Any CPU
		{522B2CDC-740F-46D6-8156-F5B8C9E32628}.Debug|Any CPU.ActiveCfg = Debug|Any CPU
		{522B2CDC-740F-46D6-8156-F5B8C9E32628}.Debug|Any CPU.Build.0 = Debug|Any CPU
		{522B2CDC-740F-46D6-8156-F5B8C9E32628}.Release|Any CPU.ActiveCfg = Release|Any CPU
		{522B2CDC-740F-46D6-8156-F5B8C9E32628}.Release|Any CPU.Build.0 = Release|Any CPU
		{5CD87321-1225-4CBA-98A2-FFA16F71437D}.Debug|Any CPU.ActiveCfg = Debug|Any CPU
		{5CD87321-1225-4CBA-98A2-FFA16F71437D}.Debug|Any CPU.Build.0 = Debug|Any CPU
		{5CD87321-1225-4CBA-98A2-FFA16F71437D}.Release|Any CPU.ActiveCfg = Release|Any CPU
		{5CD87321-1225-4CBA-98A2-FFA16F71437D}.Release|Any CPU.Build.0 = Release|Any CPU
		{19EE6F44-0ACB-4D5A-AC02-BB3CCD479EC1}.Debug|Any CPU.ActiveCfg = Debug|Any CPU
		{19EE6F44-0ACB-4D5A-AC02-BB3CCD479EC1}.Debug|Any CPU.Build.0 = Debug|Any CPU
		{19EE6F44-0ACB-4D5A-AC02-BB3CCD479EC1}.Release|Any CPU.ActiveCfg = Release|Any CPU
		{19EE6F44-0ACB-4D5A-AC02-BB3CCD479EC1}.Release|Any CPU.Build.0 = Release|Any CPU
		{83F58D7B-6855-46F2-9F01-4FDA3664B46F}.Debug|Any CPU.ActiveCfg = Debug|Any CPU
		{83F58D7B-6855-46F2-9F01-4FDA3664B46F}.Debug|Any CPU.Build.0 = Debug|Any CPU
		{83F58D7B-6855-46F2-9F01-4FDA3664B46F}.Release|Any CPU.ActiveCfg = Release|Any CPU
		{83F58D7B-6855-46F2-9F01-4FDA3664B46F}.Release|Any CPU.Build.0 = Release|Any CPU
		{A16177BF-1E7A-4C51-9C58-0F240FE80D86}.Debug|Any CPU.ActiveCfg = Debug|Any CPU
		{A16177BF-1E7A-4C51-9C58-0F240FE80D86}.Debug|Any CPU.Build.0 = Debug|Any CPU
		{A16177BF-1E7A-4C51-9C58-0F240FE80D86}.Release|Any CPU.ActiveCfg = Release|Any CPU
		{A16177BF-1E7A-4C51-9C58-0F240FE80D86}.Release|Any CPU.Build.0 = Release|Any CPU
		{A27A12D3-94EC-4048-8DBC-58EB2D55B1F7}.Debug|Any CPU.ActiveCfg = Debug|Any CPU
		{A27A12D3-94EC-4048-8DBC-58EB2D55B1F7}.Debug|Any CPU.Build.0 = Debug|Any CPU
		{A27A12D3-94EC-4048-8DBC-58EB2D55B1F7}.Release|Any CPU.ActiveCfg = Release|Any CPU
		{A27A12D3-94EC-4048-8DBC-58EB2D55B1F7}.Release|Any CPU.Build.0 = Release|Any CPU
		{D8146EA5-B000-4F4D-944E-4870B3728B74}.Debug|Any CPU.ActiveCfg = Debug|Any CPU
		{D8146EA5-B000-4F4D-944E-4870B3728B74}.Debug|Any CPU.Build.0 = Debug|Any CPU
		{D8146EA5-B000-4F4D-944E-4870B3728B74}.Release|Any CPU.ActiveCfg = Release|Any CPU
		{D8146EA5-B000-4F4D-944E-4870B3728B74}.Release|Any CPU.Build.0 = Release|Any CPU
		{C4D95EBB-24CF-4CE5-A5BF-A01B0A4BE80B}.Debug|Any CPU.ActiveCfg = Debug|Any CPU
		{C4D95EBB-24CF-4CE5-A5BF-A01B0A4BE80B}.Debug|Any CPU.Build.0 = Debug|Any CPU
		{C4D95EBB-24CF-4CE5-A5BF-A01B0A4BE80B}.Release|Any CPU.ActiveCfg = Release|Any CPU
		{C4D95EBB-24CF-4CE5-A5BF-A01B0A4BE80B}.Release|Any CPU.Build.0 = Release|Any CPU
		{A8850372-EC05-4F48-936A-F34C48407958}.Debug|Any CPU.ActiveCfg = Debug|Any CPU
		{A8850372-EC05-4F48-936A-F34C48407958}.Debug|Any CPU.Build.0 = Debug|Any CPU
		{A8850372-EC05-4F48-936A-F34C48407958}.Release|Any CPU.ActiveCfg = Release|Any CPU
		{A8850372-EC05-4F48-936A-F34C48407958}.Release|Any CPU.Build.0 = Release|Any CPU
	EndGlobalSection
	GlobalSection(SolutionProperties) = preSolution
		HideSolutionNode = FALSE
	EndGlobalSection
	GlobalSection(ExtensibilityGlobals) = postSolution
		SolutionGuid = {11A2A15D-6A7A-435B-A316-6DBEF62E9A05}
	EndGlobalSection
EndGlobal
